
Microsoft Visual Studio Solution File, Format Version 12.00
# Visual Studio Version 16
VisualStudioVersion = 16.0.31112.23
MinimumVisualStudioVersion = 10.0.40219.1
Project("{9A19103F-16F7-4668-BE54-9A1E7A4F7556}") = "ShopWebApi", "ShopWebApi\ShopWebApi.csproj", "{07AB4E66-987E-4A9F-9D86-D677E4FE5EC4}"
EndProject
Project("{9A19103F-16F7-4668-BE54-9A1E7A4F7556}") = "DAL", "DAL\DAL.csproj", "{F8AD9C7B-628C-4B31-9747-7F5911CA0C27}"
EndProject
Project("{FAE04EC0-301F-11D3-BF4B-00C04F79EFBC}") = "BLL", "BLL\BLL.csproj", "{F3D73644-5ED9-480B-8FFB-25C9CA95DFAE}"
EndProject
Global
	GlobalSection(SolutionConfigurationPlatforms) = preSolution
		Debug|Any CPU = Debug|Any CPU
		Release|Any CPU = Release|Any CPU
	EndGlobalSection
	GlobalSection(ProjectConfigurationPlatforms) = postSolution
		{07AB4E66-987E-4A9F-9D86-D677E4FE5EC4}.Debug|Any CPU.ActiveCfg = Debug|Any CPU
		{07AB4E66-987E-4A9F-9D86-D677E4FE5EC4}.Debug|Any CPU.Build.0 = Debug|Any CPU
		{07AB4E66-987E-4A9F-9D86-D677E4FE5EC4}.Release|Any CPU.ActiveCfg = Release|Any CPU
		{07AB4E66-987E-4A9F-9D86-D677E4FE5EC4}.Release|Any CPU.Build.0 = Release|Any CPU
		{F8AD9C7B-628C-4B31-9747-7F5911CA0C27}.Debug|Any CPU.ActiveCfg = Debug|Any CPU
		{F8AD9C7B-628C-4B31-9747-7F5911CA0C27}.Debug|Any CPU.Build.0 = Debug|Any CPU
		{F8AD9C7B-628C-4B31-9747-7F5911CA0C27}.Release|Any CPU.ActiveCfg = Release|Any CPU
		{F8AD9C7B-628C-4B31-9747-7F5911CA0C27}.Release|Any CPU.Build.0 = Release|Any CPU
		{F3D73644-5ED9-480B-8FFB-25C9CA95DFAE}.Debug|Any CPU.ActiveCfg = Debug|Any CPU
		{F3D73644-5ED9-480B-8FFB-25C9CA95DFAE}.Debug|Any CPU.Build.0 = Debug|Any CPU
		{F3D73644-5ED9-480B-8FFB-25C9CA95DFAE}.Release|Any CPU.ActiveCfg = Release|Any CPU
		{F3D73644-5ED9-480B-8FFB-25C9CA95DFAE}.Release|Any CPU.Build.0 = Release|Any CPU
	EndGlobalSection
	GlobalSection(SolutionProperties) = preSolution
		HideSolutionNode = FALSE
	EndGlobalSection
	GlobalSection(ExtensibilityGlobals) = postSolution
		SolutionGuid = {06B4B532-B211-41EF-9D4B-5A7103F085B8}
	EndGlobalSection
EndGlobal
